// !$*UTF8*$!
{
	archiveVersion = 1;
	classes = {
	};
	objectVersion = 46;
	objects = {

/* Begin PBXBuildFile section */
		B34559B31D69130F00E7AF9F /* AppDelegate.swift in Sources */ = {isa = PBXBuildFile; fileRef = B34559B21D69130F00E7AF9F /* AppDelegate.swift */; };
		B34559B51D69130F00E7AF9F /* ViewController.swift in Sources */ = {isa = PBXBuildFile; fileRef = B34559B41D69130F00E7AF9F /* ViewController.swift */; };
		B34559B81D69130F00E7AF9F /* Main.storyboard in Resources */ = {isa = PBXBuildFile; fileRef = B34559B61D69130F00E7AF9F /* Main.storyboard */; };
		B34559BB1D69130F00E7AF9F /* swiftPractice.xcdatamodeld in Sources */ = {isa = PBXBuildFile; fileRef = B34559B91D69130F00E7AF9F /* swiftPractice.xcdatamodeld */; };
		B34559BD1D69130F00E7AF9F /* Assets.xcassets in Resources */ = {isa = PBXBuildFile; fileRef = B34559BC1D69130F00E7AF9F /* Assets.xcassets */; };
		B34559C01D69130F00E7AF9F /* LaunchScreen.storyboard in Resources */ = {isa = PBXBuildFile; fileRef = B34559BE1D69130F00E7AF9F /* LaunchScreen.storyboard */; };
		B3C953541D6C4F9B00B50174 /* FirstViewController.swift in Sources */ = {isa = PBXBuildFile; fileRef = B3C953531D6C4F9B00B50174 /* FirstViewController.swift */; };
		B3C953561D6C502300B50174 /* SecondViewController.swift in Sources */ = {isa = PBXBuildFile; fileRef = B3C953551D6C502300B50174 /* SecondViewController.swift */; };
/* End PBXBuildFile section */

/* Begin PBXFileReference section */
		B34559AF1D69130F00E7AF9F /* swiftPractice.app */ = {isa = PBXFileReference; explicitFileType = wrapper.application; includeInIndex = 0; path = swiftPractice.app; sourceTree = BUILT_PRODUCTS_DIR; };
		B34559B21D69130F00E7AF9F /* AppDelegate.swift */ = {isa = PBXFileReference; lastKnownFileType = sourcecode.swift; path = AppDelegate.swift; sourceTree = "<group>"; };
		B34559B41D69130F00E7AF9F /* ViewController.swift */ = {isa = PBXFileReference; lastKnownFileType = sourcecode.swift; path = ViewController.swift; sourceTree = "<group>"; };
		B34559B71D69130F00E7AF9F /* Base */ = {isa = PBXFileReference; lastKnownFileType = file.storyboard; name = Base; path = Base.lproj/Main.storyboard; sourceTree = "<group>"; };
		B34559BA1D69130F00E7AF9F /* swiftPractice.xcdatamodel */ = {isa = PBXFileReference; lastKnownFileType = wrapper.xcdatamodel; path = swiftPractice.xcdatamodel; sourceTree = "<group>"; };
		B34559BC1D69130F00E7AF9F /* Assets.xcassets */ = {isa = PBXFileReference; lastKnownFileType = folder.assetcatalog; path = Assets.xcassets; sourceTree = "<group>"; };
		B34559BF1D69130F00E7AF9F /* Base */ = {isa = PBXFileReference; lastKnownFileType = file.storyboard; name = Base; path = Base.lproj/LaunchScreen.storyboard; sourceTree = "<group>"; };
		B34559C11D69130F00E7AF9F /* Info.plist */ = {isa = PBXFileReference; lastKnownFileType = text.plist.xml; path = Info.plist; sourceTree = "<group>"; };
		B3C953531D6C4F9B00B50174 /* FirstViewController.swift */ = {isa = PBXFileReference; fileEncoding = 4; lastKnownFileType = sourcecode.swift; path = FirstViewController.swift; sourceTree = "<group>"; };
		B3C953551D6C502300B50174 /* SecondViewController.swift */ = {isa = PBXFileReference; fileEncoding = 4; lastKnownFileType = sourcecode.swift; path = SecondViewController.swift; sourceTree = "<group>"; };
/* End PBXFileReference section */

/* Begin PBXFrameworksBuildPhase section */
		B34559AC1D69130F00E7AF9F /* Frameworks */ = {
			isa = PBXFrameworksBuildPhase;
			buildActionMask = 2147483647;
			files = (
			);
			runOnlyForDeploymentPostprocessing = 0;
		};
/* End PBXFrameworksBuildPhase section */

/* Begin PBXGroup section */
		B34559A61D69130F00E7AF9F = {
			isa = PBXGroup;
			children = (
				B34559B11D69130F00E7AF9F /* swiftPractice */,
				B34559B01D69130F00E7AF9F /* Products */,
			);
			sourceTree = "<group>";
		};
		B34559B01D69130F00E7AF9F /* Products */ = {
			isa = PBXGroup;
			children = (
				B34559AF1D69130F00E7AF9F /* swiftPractice.app */,
			);
			name = Products;
			sourceTree = "<group>";
		};
		B34559B11D69130F00E7AF9F /* swiftPractice */ = {
			isa = PBXGroup;
			children = (
				B34559B21D69130F00E7AF9F /* AppDelegate.swift */,
				B34559B41D69130F00E7AF9F /* ViewController.swift */,
				B3C953531D6C4F9B00B50174 /* FirstViewController.swift */,
				B3C953551D6C502300B50174 /* SecondViewController.swift */,
				B34559B61D69130F00E7AF9F /* Main.storyboard */,
				B34559BC1D69130F00E7AF9F /* Assets.xcassets */,
				B34559BE1D69130F00E7AF9F /* LaunchScreen.storyboard */,
				B34559C11D69130F00E7AF9F /* Info.plist */,
				B34559B91D69130F00E7AF9F /* swiftPractice.xcdatamodeld */,
			);
			path = swiftPractice;
			sourceTree = "<group>";
		};
/* End PBXGroup section */

/* Begin PBXNativeTarget section */
		B34559AE1D69130F00E7AF9F /* swiftPractice */ = {
			isa = PBXNativeTarget;
			buildConfigurationList = B34559C41D69130F00E7AF9F /* Build configuration list for PBXNativeTarget "swiftPractice" */;
			buildPhases = (
				B34559AB1D69130F00E7AF9F /* Sources */,
				B34559AC1D69130F00E7AF9F /* Frameworks */,
				B34559AD1D69130F00E7AF9F /* Resources */,
			);
			buildRules = (
			);
			dependencies = (
			);
			name = swiftPractice;
			productName = swiftPractice;
			productReference = B34559AF1D69130F00E7AF9F /* swiftPractice.app */;
			productType = "com.apple.product-type.application";
		};
/* End PBXNativeTarget section */

/* Begin PBXProject section */
		B34559A71D69130F00E7AF9F /* Project object */ = {
			isa = PBXProject;
			attributes = {
				LastSwiftUpdateCheck = 0730;
				LastUpgradeCheck = 0730;
				ORGANIZATIONNAME = HYLAWS;
				TargetAttributes = {
					B34559AE1D69130F00E7AF9F = {
						CreatedOnToolsVersion = 7.3.1;
					};
				};
			};
			buildConfigurationList = B34559AA1D69130F00E7AF9F /* Build configuration list for PBXProject "swiftPractice" */;
			compatibilityVersion = "Xcode 3.2";
			developmentRegion = English;
			hasScannedForEncodings = 0;
			knownRegions = (
				en,
				Base,
			);
			mainGroup = B34559A61D69130F00E7AF9F;
			productRefGroup = B34559B01D69130F00E7AF9F /* Products */;
			projectDirPath = "";
			projectRoot = "";
			targets = (
				B34559AE1D69130F00E7AF9F /* swiftPractice */,
			);
		};
/* End PBXProject section */

/* Begin PBXResourcesBuildPhase section */
		B34559AD1D69130F00E7AF9F /* Resources */ = {
			isa = PBXResourcesBuildPhase;
			buildActionMask = 2147483647;
			files = (
				B34559C01D69130F00E7AF9F /* LaunchScreen.storyboard in Resources */,
				B34559BD1D69130F00E7AF9F /* Assets.xcassets in Resources */,
				B34559B81D69130F00E7AF9F /* Main.storyboard in Resources */,
			);
			runOnlyForDeploymentPostprocessing = 0;
		};
/* End PBXResourcesBuildPhase section */

/* Begin PBXSourcesBuildPhase section */
		B34559AB1D69130F00E7AF9F /* Sources */ = {
			isa = PBXSourcesBuildPhase;
			buildActionMask = 2147483647;
			files = (
				B34559B51D69130F00E7AF9F /* ViewController.swift in Sources */,
				B34559B31D69130F00E7AF9F /* AppDelegate.swift in Sources */,
				B34559BB1D69130F00E7AF9F /* swiftPractice.xcdatamodeld in Sources */,
				B3C953561D6C502300B50174 /* SecondViewController.swift in Sources */,
				B3C953541D6C4F9B00B50174 /* FirstViewController.swift in Sources */,
			);
			runOnlyForDeploymentPostprocessing = 0;
		};
/* End PBXSourcesBuildPhase section */

/* Begin PBXVariantGroup section */
		B34559B61D69130F00E7AF9F /* Main.storyboard */ = {
			isa = PBXVariantGroup;
			children = (
				B34559B71D69130F00E7AF9F /* Base */,
			);
			name = Main.storyboard;
			sourceTree = "<group>";
		};
		B34559BE1D69130F00E7AF9F /* LaunchScreen.storyboard */ = {
			isa = PBXVariantGroup;
			children = (
				B34559BF1D69130F00E7AF9F /* Base */,
			);
			name = LaunchScreen.storyboard;
			sourceTree = "<group>";
		};
/* End PBXVariantGroup section */

/* Begin XCBuildConfiguration section */
		B34559C21D69130F00E7AF9F /* Debug */ = {
			isa = XCBuildConfiguration;
			buildSettings = {
				ALWAYS_SEARCH_USER_PATHS = NO;
				CLANG_ANALYZER_NONNULL = YES;
				CLANG_CXX_LANGUAGE_STANDARD = "gnu++0x";
				CLANG_CXX_LIBRARY = "libc++";
				CLANG_ENABLE_MODULES = YES;
				CLANG_ENABLE_OBJC_ARC = YES;
				CLANG_WARN_BOOL_CONVERSION = YES;
				CLANG_WARN_CONSTANT_CONVERSION = YES;
				CLANG_WARN_DIRECT_OBJC_ISA_USAGE = YES_ERROR;
				CLANG_WARN_EMPTY_BODY = YES;
				CLANG_WARN_ENUM_CONVERSION = YES;
				CLANG_WARN_INT_CONVERSION = YES;
				CLANG_WARN_OBJC_ROOT_CLASS = YES_ERROR;
				CLANG_WARN_UNREACHABLE_CODE = YES;
				CLANG_WARN__DUPLICATE_METHOD_MATCH = YES;
				"CODE_SIGN_IDENTITY[sdk=iphoneos*]" = "iPhone Developer";
				COPY_PHASE_STRIP = NO;
				DEBUG_INFORMATION_FORMAT = dwarf;
				ENABLE_STRICT_OBJC_MSGSEND = YES;
				ENABLE_TESTABILITY = YES;
				GCC_C_LANGUAGE_STANDARD = gnu99;
				GCC_DYNAMIC_NO_PIC = NO;
				GCC_NO_COMMON_BLOCKS = YES;
				GCC_OPTIMIZATION_LEVEL = 0;
				GCC_PREPROCESSOR_DEFINITIONS = (
					"DEBUG=1",
					"$(inherited)",
				);
				GCC_WARN_64_TO_32_BIT_CONVERSION = YES;
				GCC_WARN_ABOUT_RETURN_TYPE = YES_ERROR;
				GCC_WARN_UNDECLARED_SELECTOR = YES;
				GCC_WARN_UNINITIALIZED_AUTOS = YES_AGGRESSIVE;
				GCC_WARN_UNUSED_FUNCTION = YES;
				GCC_WARN_UNUSED_VARIABLE = YES;
				IPHONEOS_DEPLOYMENT_TARGET = 9.3;
				MTL_ENABLE_DEBUG_INFO = YES;
				ONLY_ACTIVE_ARCH = YES;
				SDKROOT = iphoneos;
				SWIFT_OPTIMIZATION_LEVEL = "-Onone";
			};
			name = Debug;
		};
		B34559C31D69130F00E7AF9F /* Release */ = {
			isa = XCBuildConfiguration;
			buildSettings = {
				ALWAYS_SEARCH_USER_PATHS = NO;
				CLANG_ANALYZER_NONNULL = YES;
				CLANG_CXX_LANGUAGE_STANDARD = "gnu++0x";
				CLANG_CXX_LIBRARY = "libc++";
				CLANG_ENABLE_MODULES = YES;
				CLANG_ENABLE_OBJC_ARC = YES;
				CLANG_WARN_BOOL_CONVERSION = YES;
				CLANG_WARN_CONSTANT_CONVERSION = YES;
				CLANG_WARN_DIRECT_OBJC_ISA_USAGE = YES_ERROR;
				CLANG_WARN_EMPTY_BODY = YES;
				CLANG_WARN_ENUM_CONVERSION = YES;
				CLANG_WARN_INT_CONVERSION = YES;
				CLANG_WARN_OBJC_ROOT_CLASS = YES_ERROR;
				CLANG_WARN_UNREACHABLE_CODE = YES;
				CLANG_WARN__DUPLICATE_METHOD_MATCH = YES;
				"CODE_SIGN_IDENTITY[sdk=iphoneos*]" = "iPhone Developer";
				COPY_PHASE_STRIP = NO;
				DEBUG_INFORMATION_FORMAT = "dwarf-with-dsym";
				ENABLE_NS_ASSERTIONS = NO;
				ENABLE_STRICT_OBJC_MSGSEND = YES;
				GCC_C_LANGUAGE_STANDARD = gnu99;
				GCC_NO_COMMON_BLOCKS = YES;
				GCC_WARN_64_TO_32_BIT_CONVERSION = YES;
				GCC_WARN_ABOUT_RETURN_TYPE = YES_ERROR;
				GCC_WARN_UNDECLARED_SELECTOR = YES;
				GCC_WARN_UNINITIALIZED_AUTOS = YES_AGGRESSIVE;
				GCC_WARN_UNUSED_FUNCTION = YES;
				GCC_WARN_UNUSED_VARIABLE = YES;
				IPHONEOS_DEPLOYMENT_TARGET = 9.3;
				MTL_ENABLE_DEBUG_INFO = NO;
				SDKROOT = iphoneos;
				VALIDATE_PRODUCT = YES;
			};
			name = Release;
		};
		B34559C51D69130F00E7AF9F /* Debug */ = {
			isa = XCBuildConfiguration;
			buildSettings = {
				ASSETCATALOG_COMPILER_APPICON_NAME = AppIcon;
				INFOPLIST_FILE = swiftPractice/Info.plist;
				LD_RUNPATH_SEARCH_PATHS = "$(inherited) @executable_path/Frameworks";
				PRODUCT_BUNDLE_IDENTIFIER = com.hylaws.swiftPractice;
				PRODUCT_NAME = "$(TARGET_NAME)";
			};
			name = Debug;
		};
		B34559C61D69130F00E7AF9F /* Release */ = {
			isa = XCBuildConfiguration;
			buildSettings = {
				ASSETCATALOG_COMPILER_APPICON_NAME = AppIcon;
				INFOPLIST_FILE = swiftPractice/Info.plist;
				LD_RUNPATH_SEARCH_PATHS = "$(inherited) @executable_path/Frameworks";
				PRODUCT_BUNDLE_IDENTIFIER = com.hylaws.swiftPractice;
				PRODUCT_NAME = "$(TARGET_NAME)";
			};
			name = Release;
		};
/* End XCBuildConfiguration section */

/* Begin XCConfigurationList section */
		B34559AA1D69130F00E7AF9F /* Build configuration list for PBXProject "swiftPractice" */ = {
			isa = XCConfigurationList;
			buildConfigurations = (
				B34559C21D69130F00E7AF9F /* Debug */,
				B34559C31D69130F00E7AF9F /* Release */,
			);
			defaultConfigurationIsVisible = 0;
			defaultConfigurationName = Release;
		};
		B34559C41D69130F00E7AF9F /* Build configuration list for PBXNativeTarget "swiftPractice" */ = {
			isa = XCConfigurationList;
			buildConfigurations = (
				B34559C51D69130F00E7AF9F /* Debug */,
				B34559C61D69130F00E7AF9F /* Release */,
			);
			defaultConfigurationIsVisible = 0;
			defaultConfigurationName = Release;
		};
/* End XCConfigurationList section */

/* Begin XCVersionGroup section */
		B34559B91D69130F00E7AF9F /* swiftPractice.xcdatamodeld */ = {
			isa = XCVersionGroup;
			children = (
				B34559BA1D69130F00E7AF9F /* swiftPractice.xcdatamodel */,
			);
			currentVersion = B34559BA1D69130F00E7AF9F /* swiftPractice.xcdatamodel */;
			path = swiftPractice.xcdatamodeld;
			sourceTree = "<group>";
			versionGroupType = wrapper.xcdatamodel;
		};
/* End XCVersionGroup section */
	};
	rootObject = B34559A71D69130F00E7AF9F /* Project object */;
}
